
Microsoft Visual Studio Solution File, Format Version 12.00
# Visual Studio Version 17
VisualStudioVersion = 17.0.31903.59
MinimumVisualStudioVersion = 10.0.40219.1
Project("{FAE04EC0-301F-11D3-BF4B-00C04F79EFBC}") = "Discoteque.API", "Discoteque.API\Discoteque.API.csproj", "{C708FE3C-7E6B-4A09-B09B-9099B008F068}"
EndProject
Project("{FAE04EC0-301F-11D3-BF4B-00C04F79EFBC}") = "Discoteque.Business", "Discoteque.Business\Discoteque.Business.csproj", "{1806405B-A5F6-4D38-9828-B280AD484F49}"
EndProject
Project("{FAE04EC0-301F-11D3-BF4B-00C04F79EFBC}") = "Discoteque.Data", "Discoteque.Data\Discoteque.Data.csproj", "{42D656F4-86E9-4B1B-820C-A7E47916FD77}"
EndProject
Global
	GlobalSection(SolutionConfigurationPlatforms) = preSolution
		Debug|Any CPU = Debug|Any CPU
		Release|Any CPU = Release|Any CPU
	EndGlobalSection
	GlobalSection(SolutionProperties) = preSolution
		HideSolutionNode = FALSE
	EndGlobalSection
	GlobalSection(ProjectConfigurationPlatforms) = postSolution
		{C708FE3C-7E6B-4A09-B09B-9099B008F068}.Debug|Any CPU.ActiveCfg = Debug|Any CPU
		{C708FE3C-7E6B-4A09-B09B-9099B008F068}.Debug|Any CPU.Build.0 = Debug|Any CPU
		{C708FE3C-7E6B-4A09-B09B-9099B008F068}.Release|Any CPU.ActiveCfg = Release|Any CPU
		{C708FE3C-7E6B-4A09-B09B-9099B008F068}.Release|Any CPU.Build.0 = Release|Any CPU
		{1806405B-A5F6-4D38-9828-B280AD484F49}.Debug|Any CPU.ActiveCfg = Debug|Any CPU
		{1806405B-A5F6-4D38-9828-B280AD484F49}.Debug|Any CPU.Build.0 = Debug|Any CPU
		{1806405B-A5F6-4D38-9828-B280AD484F49}.Release|Any CPU.ActiveCfg = Release|Any CPU
		{1806405B-A5F6-4D38-9828-B280AD484F49}.Release|Any CPU.Build.0 = Release|Any CPU
		{42D656F4-86E9-4B1B-820C-A7E47916FD77}.Debug|Any CPU.ActiveCfg = Debug|Any CPU
		{42D656F4-86E9-4B1B-820C-A7E47916FD77}.Debug|Any CPU.Build.0 = Debug|Any CPU
		{42D656F4-86E9-4B1B-820C-A7E47916FD77}.Release|Any CPU.ActiveCfg = Release|Any CPU
		{42D656F4-86E9-4B1B-820C-A7E47916FD77}.Release|Any CPU.Build.0 = Release|Any CPU
	EndGlobalSection
EndGlobal
